
Microsoft Visual Studio Solution File, Format Version 12.00
# Visual Studio Version 16
VisualStudioVersion = 16.0.31005.135
MinimumVisualStudioVersion = 10.0.40219.1
Project("{6EC3EE1D-3C4E-46DD-8F32-0CC8E7565705}") = "Isogram", "Isogram.fsproj", "{E5E49CFE-E6C8-4846-B38E-11A910575EAF}"
EndProject
Global
	GlobalSection(SolutionConfigurationPlatforms) = preSolution
		Debug|Any CPU = Debug|Any CPU
		Release|Any CPU = Release|Any CPU
	EndGlobalSection
	GlobalSection(ProjectConfigurationPlatforms) = postSolution
		{E5E49CFE-E6C8-4846-B38E-11A910575EAF}.Debug|Any CPU.ActiveCfg = Debug|Any CPU
		{E5E49CFE-E6C8-4846-B38E-11A910575EAF}.Debug|Any CPU.Build.0 = Debug|Any CPU
		{E5E49CFE-E6C8-4846-B38E-11A910575EAF}.Release|Any CPU.ActiveCfg = Release|Any CPU
		{E5E49CFE-E6C8-4846-B38E-11A910575EAF}.Release|Any CPU.Build.0 = Release|Any CPU
	EndGlobalSection
	GlobalSection(SolutionProperties) = preSolution
		HideSolutionNode = FALSE
	EndGlobalSection
	GlobalSection(ExtensibilityGlobals) = postSolution
		SolutionGuid = {AAFD7591-5002-4ABE-BF92-2666D4A96F27}
	EndGlobalSection
EndGlobal
