
Microsoft Visual Studio Solution File, Format Version 12.00
# Visual Studio Version 16
VisualStudioVersion = 16.0.31005.135
MinimumVisualStudioVersion = 10.0.40219.1
Project("{6EC3EE1D-3C4E-46DD-8F32-0CC8E7565705}") = "Leap", "Leap.fsproj", "{6914E1BC-77AD-4078-985A-E1CCDBEAD0D2}"
EndProject
Global
	GlobalSection(SolutionConfigurationPlatforms) = preSolution
		Debug|Any CPU = Debug|Any CPU
		Release|Any CPU = Release|Any CPU
	EndGlobalSection
	GlobalSection(ProjectConfigurationPlatforms) = postSolution
		{6914E1BC-77AD-4078-985A-E1CCDBEAD0D2}.Debug|Any CPU.ActiveCfg = Debug|Any CPU
		{6914E1BC-77AD-4078-985A-E1CCDBEAD0D2}.Debug|Any CPU.Build.0 = Debug|Any CPU
		{6914E1BC-77AD-4078-985A-E1CCDBEAD0D2}.Release|Any CPU.ActiveCfg = Release|Any CPU
		{6914E1BC-77AD-4078-985A-E1CCDBEAD0D2}.Release|Any CPU.Build.0 = Release|Any CPU
	EndGlobalSection
	GlobalSection(SolutionProperties) = preSolution
		HideSolutionNode = FALSE
	EndGlobalSection
	GlobalSection(ExtensibilityGlobals) = postSolution
		SolutionGuid = {0A199B59-9B18-46FC-A90F-54169AF8B64E}
	EndGlobalSection
EndGlobal
